// !$*UTF8*$!
{
	archiveVersion = 1;
	classes = {
	};
	objectVersion = 50;
	objects = {

/* Begin PBXBuildFile section */
		252D38422114074D0052DDD2 /* History.swift in Sources */ = {isa = PBXBuildFile; fileRef = 252D38412114074D0052DDD2 /* History.swift */; };
		252D384421140B040052DDD2 /* HistoryViewController.swift in Sources */ = {isa = PBXBuildFile; fileRef = 252D384321140B040052DDD2 /* HistoryViewController.swift */; };
		252D38482114250C0052DDD2 /* HistoryCell.swift in Sources */ = {isa = PBXBuildFile; fileRef = 252D38472114250C0052DDD2 /* HistoryCell.swift */; };
		25CD2280211031F8000E0F6E /* AppDelegate.swift in Sources */ = {isa = PBXBuildFile; fileRef = 25CD227F211031F8000E0F6E /* AppDelegate.swift */; };
		25CD2287211031F9000E0F6E /* Assets.xcassets in Resources */ = {isa = PBXBuildFile; fileRef = 25CD2286211031F9000E0F6E /* Assets.xcassets */; };
		25CD228A211031F9000E0F6E /* LaunchScreen.storyboard in Resources */ = {isa = PBXBuildFile; fileRef = 25CD2288211031F9000E0F6E /* LaunchScreen.storyboard */; };
		25CD2295211031F9000E0F6E /* KeoBuaBaoTests.swift in Sources */ = {isa = PBXBuildFile; fileRef = 25CD2294211031F9000E0F6E /* KeoBuaBaoTests.swift */; };
		25CD22A721103392000E0F6E /* MainVC.swift in Sources */ = {isa = PBXBuildFile; fileRef = 25CD22A621103392000E0F6E /* MainVC.swift */; };
		25CD22A821103F34000E0F6E /* Main.storyboard in Resources */ = {isa = PBXBuildFile; fileRef = 25CD22AA21103F34000E0F6E /* Main.storyboard */; };
		25CD22AC211041BF000E0F6E /* selection.swift in Sources */ = {isa = PBXBuildFile; fileRef = 25CD22AB211041BF000E0F6E /* selection.swift */; };
		25EE1E772111639900BEB4D5 /* animeace.ttf in Resources */ = {isa = PBXBuildFile; fileRef = 25EE1E762111639900BEB4D5 /* animeace.ttf */; };
		25EE1E79211164B700BEB4D5 /* BorderButton.swift in Sources */ = {isa = PBXBuildFile; fileRef = 25EE1E78211164B700BEB4D5 /* BorderButton.swift */; };
		25EE1E7B2111955B00BEB4D5 /* Constants.swift in Sources */ = {isa = PBXBuildFile; fileRef = 25EE1E7A2111955B00BEB4D5 /* Constants.swift */; };
		57E757062A876F284E7E1AD8 /* Pods_KeoBuaBao.framework in Frameworks */ = {isa = PBXBuildFile; fileRef = AD9044BB865C60D9FAB43B4F /* Pods_KeoBuaBao.framework */; };
/* End PBXBuildFile section */

/* Begin PBXContainerItemProxy section */
		25CD2291211031F9000E0F6E /* PBXContainerItemProxy */ = {
			isa = PBXContainerItemProxy;
			containerPortal = 25CD2274211031F8000E0F6E /* Project object */;
			proxyType = 1;
			remoteGlobalIDString = 25CD227B211031F8000E0F6E;
			remoteInfo = KeoBuaBao;
		};
/* End PBXContainerItemProxy section */

/* Begin PBXFileReference section */
		07B7D538561C49533A89EECE /* Pods-KeoBuaBao.release.xcconfig */ = {isa = PBXFileReference; includeInIndex = 1; lastKnownFileType = text.xcconfig; name = "Pods-KeoBuaBao.release.xcconfig"; path = "Pods/Target Support Files/Pods-KeoBuaBao/Pods-KeoBuaBao.release.xcconfig"; sourceTree = "<group>"; };
		252D38412114074D0052DDD2 /* History.swift */ = {isa = PBXFileReference; lastKnownFileType = sourcecode.swift; path = History.swift; sourceTree = "<group>"; };
		252D384321140B040052DDD2 /* HistoryViewController.swift */ = {isa = PBXFileReference; lastKnownFileType = sourcecode.swift; path = HistoryViewController.swift; sourceTree = "<group>"; };
		252D38472114250C0052DDD2 /* HistoryCell.swift */ = {isa = PBXFileReference; lastKnownFileType = sourcecode.swift; path = HistoryCell.swift; sourceTree = "<group>"; };
		25CD227C211031F8000E0F6E /* KeoBuaBao.app */ = {isa = PBXFileReference; explicitFileType = wrapper.application; includeInIndex = 0; path = KeoBuaBao.app; sourceTree = BUILT_PRODUCTS_DIR; };
		25CD227F211031F8000E0F6E /* AppDelegate.swift */ = {isa = PBXFileReference; lastKnownFileType = sourcecode.swift; path = AppDelegate.swift; sourceTree = "<group>"; };
		25CD2286211031F9000E0F6E /* Assets.xcassets */ = {isa = PBXFileReference; lastKnownFileType = folder.assetcatalog; path = Assets.xcassets; sourceTree = "<group>"; };
		25CD2289211031F9000E0F6E /* Base */ = {isa = PBXFileReference; lastKnownFileType = file.storyboard; name = Base; path = Base.lproj/LaunchScreen.storyboard; sourceTree = "<group>"; };
		25CD228B211031F9000E0F6E /* Info.plist */ = {isa = PBXFileReference; lastKnownFileType = text.plist.xml; path = Info.plist; sourceTree = "<group>"; };
		25CD2290211031F9000E0F6E /* KeoBuaBaoTests.xctest */ = {isa = PBXFileReference; explicitFileType = wrapper.cfbundle; includeInIndex = 0; path = KeoBuaBaoTests.xctest; sourceTree = BUILT_PRODUCTS_DIR; };
		25CD2294211031F9000E0F6E /* KeoBuaBaoTests.swift */ = {isa = PBXFileReference; lastKnownFileType = sourcecode.swift; path = KeoBuaBaoTests.swift; sourceTree = "<group>"; };
		25CD2296211031F9000E0F6E /* Info.plist */ = {isa = PBXFileReference; lastKnownFileType = text.plist.xml; path = Info.plist; sourceTree = "<group>"; };
		25CD22A621103392000E0F6E /* MainVC.swift */ = {isa = PBXFileReference; lastKnownFileType = sourcecode.swift; path = MainVC.swift; sourceTree = "<group>"; };
		25CD22A921103F34000E0F6E /* Base */ = {isa = PBXFileReference; lastKnownFileType = file.storyboard; name = Base; path = Base.lproj/Main.storyboard; sourceTree = "<group>"; };
		25CD22AB211041BF000E0F6E /* selection.swift */ = {isa = PBXFileReference; lastKnownFileType = sourcecode.swift; path = selection.swift; sourceTree = "<group>"; };
		25EE1E762111639900BEB4D5 /* animeace.ttf */ = {isa = PBXFileReference; lastKnownFileType = file; name = animeace.ttf; path = "../../../../../Downloads/anime-ace/animeace.ttf"; sourceTree = "<group>"; };
		25EE1E78211164B700BEB4D5 /* BorderButton.swift */ = {isa = PBXFileReference; fileEncoding = 4; lastKnownFileType = sourcecode.swift; name = BorderButton.swift; path = ../../../DreamLister/DreamLister/View/BorderButton.swift; sourceTree = "<group>"; };
		25EE1E7A2111955B00BEB4D5 /* Constants.swift */ = {isa = PBXFileReference; lastKnownFileType = sourcecode.swift; path = Constants.swift; sourceTree = "<group>"; };
		4E85C5D2FADCE64F2AE2B0B4 /* Pods_KeoBuaBaoTests.framework */ = {isa = PBXFileReference; explicitFileType = wrapper.framework; includeInIndex = 0; path = Pods_KeoBuaBaoTests.framework; sourceTree = BUILT_PRODUCTS_DIR; };
		AD9044BB865C60D9FAB43B4F /* Pods_KeoBuaBao.framework */ = {isa = PBXFileReference; explicitFileType = wrapper.framework; includeInIndex = 0; path = Pods_KeoBuaBao.framework; sourceTree = BUILT_PRODUCTS_DIR; };
		DD660A4C1DE09D0A2A6DFD96 /* Pods-KeoBuaBao.debug.xcconfig */ = {isa = PBXFileReference; includeInIndex = 1; lastKnownFileType = text.xcconfig; name = "Pods-KeoBuaBao.debug.xcconfig"; path = "Pods/Target Support Files/Pods-KeoBuaBao/Pods-KeoBuaBao.debug.xcconfig"; sourceTree = "<group>"; };
/* End PBXFileReference section */

/* Begin PBXFrameworksBuildPhase section */
		25CD2279211031F8000E0F6E /* Frameworks */ = {
			isa = PBXFrameworksBuildPhase;
			buildActionMask = 2147483647;
			files = (
				57E757062A876F284E7E1AD8 /* Pods_KeoBuaBao.framework in Frameworks */,
			);
			runOnlyForDeploymentPostprocessing = 0;
		};
		25CD228D211031F9000E0F6E /* Frameworks */ = {
			isa = PBXFrameworksBuildPhase;
			buildActionMask = 2147483647;
			files = (
			);
			runOnlyForDeploymentPostprocessing = 0;
		};
/* End PBXFrameworksBuildPhase section */

/* Begin PBXGroup section */
		06045F25D80B09F07A39D2BE /* Pods */ = {
			isa = PBXGroup;
			children = (
				DD660A4C1DE09D0A2A6DFD96 /* Pods-KeoBuaBao.debug.xcconfig */,
				07B7D538561C49533A89EECE /* Pods-KeoBuaBao.release.xcconfig */,
			);
			name = Pods;
			sourceTree = "<group>";
		};
		25CD2273211031F8000E0F6E = {
			isa = PBXGroup;
			children = (
				25CD227E211031F8000E0F6E /* KeoBuaBao */,
				25CD2293211031F9000E0F6E /* KeoBuaBaoTests */,
				25CD227D211031F8000E0F6E /* Products */,
				06045F25D80B09F07A39D2BE /* Pods */,
				54C25E7F870A5BAF3B6C7300 /* Frameworks */,
			);
			sourceTree = "<group>";
		};
		25CD227D211031F8000E0F6E /* Products */ = {
			isa = PBXGroup;
			children = (
				25CD227C211031F8000E0F6E /* KeoBuaBao.app */,
				25CD2290211031F9000E0F6E /* KeoBuaBaoTests.xctest */,
			);
			name = Products;
			sourceTree = "<group>";
		};
		25CD227E211031F8000E0F6E /* KeoBuaBao */ = {
			isa = PBXGroup;
			children = (
				25CD22A22110331B000E0F6E /* Resources */,
				25CD22A12110330F000E0F6E /* Model */,
				25CD22A021103308000E0F6E /* View */,
				25CD229F211032F7000E0F6E /* Controller */,
				25CD227F211031F8000E0F6E /* AppDelegate.swift */,
				25CD2286211031F9000E0F6E /* Assets.xcassets */,
				25CD2288211031F9000E0F6E /* LaunchScreen.storyboard */,
				25CD22AA21103F34000E0F6E /* Main.storyboard */,
				25CD228B211031F9000E0F6E /* Info.plist */,
			);
			path = KeoBuaBao;
			sourceTree = "<group>";
		};
		25CD2293211031F9000E0F6E /* KeoBuaBaoTests */ = {
			isa = PBXGroup;
			children = (
				25CD2294211031F9000E0F6E /* KeoBuaBaoTests.swift */,
				25CD2296211031F9000E0F6E /* Info.plist */,
			);
			path = KeoBuaBaoTests;
			sourceTree = "<group>";
		};
		25CD229F211032F7000E0F6E /* Controller */ = {
			isa = PBXGroup;
			children = (
				25CD22A621103392000E0F6E /* MainVC.swift */,
				252D384321140B040052DDD2 /* HistoryViewController.swift */,
			);
			path = Controller;
			sourceTree = "<group>";
		};
		25CD22A021103308000E0F6E /* View */ = {
			isa = PBXGroup;
			children = (
				25EE1E78211164B700BEB4D5 /* BorderButton.swift */,
				252D38472114250C0052DDD2 /* HistoryCell.swift */,
			);
			path = View;
			sourceTree = "<group>";
		};
		25CD22A12110330F000E0F6E /* Model */ = {
			isa = PBXGroup;
			children = (
				25EE1E7A2111955B00BEB4D5 /* Constants.swift */,
				25CD22AB211041BF000E0F6E /* selection.swift */,
				252D38412114074D0052DDD2 /* History.swift */,
			);
			path = Model;
			sourceTree = "<group>";
		};
		25CD22A22110331B000E0F6E /* Resources */ = {
			isa = PBXGroup;
			children = (
				25EE1E762111639900BEB4D5 /* animeace.ttf */,
			);
			path = Resources;
			sourceTree = "<group>";
		};
		54C25E7F870A5BAF3B6C7300 /* Frameworks */ = {
			isa = PBXGroup;
			children = (
				AD9044BB865C60D9FAB43B4F /* Pods_KeoBuaBao.framework */,
				4E85C5D2FADCE64F2AE2B0B4 /* Pods_KeoBuaBaoTests.framework */,
			);
			name = Frameworks;
			sourceTree = "<group>";
		};
/* End PBXGroup section */

/* Begin PBXNativeTarget section */
		25CD227B211031F8000E0F6E /* KeoBuaBao */ = {
			isa = PBXNativeTarget;
			buildConfigurationList = 25CD2299211031F9000E0F6E /* Build configuration list for PBXNativeTarget "KeoBuaBao" */;
			buildPhases = (
				8481672CBD529D0CDB037FF7 /* [CP] Check Pods Manifest.lock */,
				25CD2278211031F8000E0F6E /* Sources */,
				25CD2279211031F8000E0F6E /* Frameworks */,
				25CD227A211031F8000E0F6E /* Resources */,
				13AA743F04E2E3F13A6DCB2E /* [CP] Embed Pods Frameworks */,
			);
			buildRules = (
			);
			dependencies = (
			);
			name = KeoBuaBao;
			productName = KeoBuaBao;
			productReference = 25CD227C211031F8000E0F6E /* KeoBuaBao.app */;
			productType = "com.apple.product-type.application";
		};
		25CD228F211031F9000E0F6E /* KeoBuaBaoTests */ = {
			isa = PBXNativeTarget;
			buildConfigurationList = 25CD229C211031F9000E0F6E /* Build configuration list for PBXNativeTarget "KeoBuaBaoTests" */;
			buildPhases = (
				25CD228C211031F9000E0F6E /* Sources */,
				25CD228D211031F9000E0F6E /* Frameworks */,
				25CD228E211031F9000E0F6E /* Resources */,
			);
			buildRules = (
			);
			dependencies = (
				25CD2292211031F9000E0F6E /* PBXTargetDependency */,
			);
			name = KeoBuaBaoTests;
			productName = KeoBuaBaoTests;
			productReference = 25CD2290211031F9000E0F6E /* KeoBuaBaoTests.xctest */;
			productType = "com.apple.product-type.bundle.unit-test";
		};
/* End PBXNativeTarget section */

/* Begin PBXProject section */
		25CD2274211031F8000E0F6E /* Project object */ = {
			isa = PBXProject;
			attributes = {
				LastSwiftUpdateCheck = 0940;
				LastUpgradeCheck = 0940;
				ORGANIZATIONNAME = Hung;
				TargetAttributes = {
					25CD227B211031F8000E0F6E = {
						CreatedOnToolsVersion = 9.4.1;
					};
					25CD228F211031F9000E0F6E = {
						CreatedOnToolsVersion = 9.4.1;
						TestTargetID = 25CD227B211031F8000E0F6E;
					};
				};
			};
			buildConfigurationList = 25CD2277211031F8000E0F6E /* Build configuration list for PBXProject "KeoBuaBao" */;
			compatibilityVersion = "Xcode 9.3";
			developmentRegion = en;
			hasScannedForEncodings = 0;
			knownRegions = (
				en,
				Base,
			);
			mainGroup = 25CD2273211031F8000E0F6E;
			productRefGroup = 25CD227D211031F8000E0F6E /* Products */;
			projectDirPath = "";
			projectRoot = "";
			targets = (
				25CD227B211031F8000E0F6E /* KeoBuaBao */,
				25CD228F211031F9000E0F6E /* KeoBuaBaoTests */,
			);
		};
/* End PBXProject section */

/* Begin PBXResourcesBuildPhase section */
		25CD227A211031F8000E0F6E /* Resources */ = {
			isa = PBXResourcesBuildPhase;
			buildActionMask = 2147483647;
			files = (
				25CD228A211031F9000E0F6E /* LaunchScreen.storyboard in Resources */,
				25CD2287211031F9000E0F6E /* Assets.xcassets in Resources */,
				25CD22A821103F34000E0F6E /* Main.storyboard in Resources */,
				25EE1E772111639900BEB4D5 /* animeace.ttf in Resources */,
			);
			runOnlyForDeploymentPostprocessing = 0;
		};
		25CD228E211031F9000E0F6E /* Resources */ = {
			isa = PBXResourcesBuildPhase;
			buildActionMask = 2147483647;
			files = (
			);
			runOnlyForDeploymentPostprocessing = 0;
		};
/* End PBXResourcesBuildPhase section */

/* Begin PBXShellScriptBuildPhase section */
		13AA743F04E2E3F13A6DCB2E /* [CP] Embed Pods Frameworks */ = {
			isa = PBXShellScriptBuildPhase;
			buildActionMask = 2147483647;
			files = (
			);
			inputPaths = (
				"${SRCROOT}/Pods/Target Support Files/Pods-KeoBuaBao/Pods-KeoBuaBao-frameworks.sh",
				"${BUILT_PRODUCTS_DIR}/Realm/Realm.framework",
				"${BUILT_PRODUCTS_DIR}/RealmSwift/RealmSwift.framework",
			);
			name = "[CP] Embed Pods Frameworks";
			outputPaths = (
				"${TARGET_BUILD_DIR}/${FRAMEWORKS_FOLDER_PATH}/Realm.framework",
				"${TARGET_BUILD_DIR}/${FRAMEWORKS_FOLDER_PATH}/RealmSwift.framework",
			);
			runOnlyForDeploymentPostprocessing = 0;
			shellPath = /bin/sh;
			shellScript = "\"${SRCROOT}/Pods/Target Support Files/Pods-KeoBuaBao/Pods-KeoBuaBao-frameworks.sh\"\n";
			showEnvVarsInLog = 0;
		};
		8481672CBD529D0CDB037FF7 /* [CP] Check Pods Manifest.lock */ = {
			isa = PBXShellScriptBuildPhase;
			buildActionMask = 2147483647;
			files = (
			);
			inputPaths = (
				"${PODS_PODFILE_DIR_PATH}/Podfile.lock",
				"${PODS_ROOT}/Manifest.lock",
			);
			name = "[CP] Check Pods Manifest.lock";
			outputPaths = (
				"$(DERIVED_FILE_DIR)/Pods-KeoBuaBao-checkManifestLockResult.txt",
			);
			runOnlyForDeploymentPostprocessing = 0;
			shellPath = /bin/sh;
			shellScript = "diff \"${PODS_PODFILE_DIR_PATH}/Podfile.lock\" \"${PODS_ROOT}/Manifest.lock\" > /dev/null\nif [ $? != 0 ] ; then\n    # print error to STDERR\n    echo \"error: The sandbox is not in sync with the Podfile.lock. Run 'pod install' or update your CocoaPods installation.\" >&2\n    exit 1\nfi\n# This output is used by Xcode 'outputs' to avoid re-running this script phase.\necho \"SUCCESS\" > \"${SCRIPT_OUTPUT_FILE_0}\"\n";
			showEnvVarsInLog = 0;
		};
/* End PBXShellScriptBuildPhase section */

/* Begin PBXSourcesBuildPhase section */
		25CD2278211031F8000E0F6E /* Sources */ = {
			isa = PBXSourcesBuildPhase;
			buildActionMask = 2147483647;
			files = (
				252D38422114074D0052DDD2 /* History.swift in Sources */,
				25EE1E7B2111955B00BEB4D5 /* Constants.swift in Sources */,
				25CD2280211031F8000E0F6E /* AppDelegate.swift in Sources */,
				25CD22AC211041BF000E0F6E /* selection.swift in Sources */,
				25CD22A721103392000E0F6E /* MainVC.swift in Sources */,
				252D384421140B040052DDD2 /* HistoryViewController.swift in Sources */,
				252D38482114250C0052DDD2 /* HistoryCell.swift in Sources */,
				25EE1E79211164B700BEB4D5 /* BorderButton.swift in Sources */,
			);
			runOnlyForDeploymentPostprocessing = 0;
		};
		25CD228C211031F9000E0F6E /* Sources */ = {
			isa = PBXSourcesBuildPhase;
			buildActionMask = 2147483647;
			files = (
				25CD2295211031F9000E0F6E /* KeoBuaBaoTests.swift in Sources */,
			);
			runOnlyForDeploymentPostprocessing = 0;
		};
/* End PBXSourcesBuildPhase section */

/* Begin PBXTargetDependency section */
		25CD2292211031F9000E0F6E /* PBXTargetDependency */ = {
			isa = PBXTargetDependency;
			target = 25CD227B211031F8000E0F6E /* KeoBuaBao */;
			targetProxy = 25CD2291211031F9000E0F6E /* PBXContainerItemProxy */;
		};
/* End PBXTargetDependency section */

/* Begin PBXVariantGroup section */
		25CD2288211031F9000E0F6E /* LaunchScreen.storyboard */ = {
			isa = PBXVariantGroup;
			children = (
				25CD2289211031F9000E0F6E /* Base */,
			);
			name = LaunchScreen.storyboard;
			sourceTree = "<group>";
		};
		25CD22AA21103F34000E0F6E /* Main.storyboard */ = {
			isa = PBXVariantGroup;
			children = (
				25CD22A921103F34000E0F6E /* Base */,
			);
			name = Main.storyboard;
			sourceTree = "<group>";
		};
/* End PBXVariantGroup section */

/* Begin XCBuildConfiguration section */
		25CD2297211031F9000E0F6E /* Debug */ = {
			isa = XCBuildConfiguration;
			buildSettings = {
				ALWAYS_SEARCH_USER_PATHS = NO;
				CLANG_ANALYZER_NONNULL = YES;
				CLANG_ANALYZER_NUMBER_OBJECT_CONVERSION = YES_AGGRESSIVE;
				CLANG_CXX_LANGUAGE_STANDARD = "gnu++14";
				CLANG_CXX_LIBRARY = "libc++";
				CLANG_ENABLE_MODULES = YES;
				CLANG_ENABLE_OBJC_ARC = YES;
				CLANG_ENABLE_OBJC_WEAK = YES;
				CLANG_WARN_BLOCK_CAPTURE_AUTORELEASING = YES;
				CLANG_WARN_BOOL_CONVERSION = YES;
				CLANG_WARN_COMMA = YES;
				CLANG_WARN_CONSTANT_CONVERSION = YES;
				CLANG_WARN_DEPRECATED_OBJC_IMPLEMENTATIONS = YES;
				CLANG_WARN_DIRECT_OBJC_ISA_USAGE = YES_ERROR;
				CLANG_WARN_DOCUMENTATION_COMMENTS = YES;
				CLANG_WARN_EMPTY_BODY = YES;
				CLANG_WARN_ENUM_CONVERSION = YES;
				CLANG_WARN_INFINITE_RECURSION = YES;
				CLANG_WARN_INT_CONVERSION = YES;
				CLANG_WARN_NON_LITERAL_NULL_CONVERSION = YES;
				CLANG_WARN_OBJC_IMPLICIT_RETAIN_SELF = YES;
				CLANG_WARN_OBJC_LITERAL_CONVERSION = YES;
				CLANG_WARN_OBJC_ROOT_CLASS = YES_ERROR;
				CLANG_WARN_RANGE_LOOP_ANALYSIS = YES;
				CLANG_WARN_STRICT_PROTOTYPES = YES;
				CLANG_WARN_SUSPICIOUS_MOVE = YES;
				CLANG_WARN_UNGUARDED_AVAILABILITY = YES_AGGRESSIVE;
				CLANG_WARN_UNREACHABLE_CODE = YES;
				CLANG_WARN__DUPLICATE_METHOD_MATCH = YES;
				CODE_SIGN_IDENTITY = "iPhone Developer";
				COPY_PHASE_STRIP = NO;
				DEBUG_INFORMATION_FORMAT = dwarf;
				ENABLE_STRICT_OBJC_MSGSEND = YES;
				ENABLE_TESTABILITY = YES;
				GCC_C_LANGUAGE_STANDARD = gnu11;
				GCC_DYNAMIC_NO_PIC = NO;
				GCC_NO_COMMON_BLOCKS = YES;
				GCC_OPTIMIZATION_LEVEL = 0;
				GCC_PREPROCESSOR_DEFINITIONS = (
					"DEBUG=1",
					"$(inherited)",
				);
				GCC_WARN_64_TO_32_BIT_CONVERSION = YES;
				GCC_WARN_ABOUT_RETURN_TYPE = YES_ERROR;
				GCC_WARN_UNDECLARED_SELECTOR = YES;
				GCC_WARN_UNINITIALIZED_AUTOS = YES_AGGRESSIVE;
				GCC_WARN_UNUSED_FUNCTION = YES;
				GCC_WARN_UNUSED_VARIABLE = YES;
				IPHONEOS_DEPLOYMENT_TARGET = 11.4;
				MTL_ENABLE_DEBUG_INFO = YES;
				ONLY_ACTIVE_ARCH = YES;
				SDKROOT = iphoneos;
				SWIFT_ACTIVE_COMPILATION_CONDITIONS = DEBUG;
				SWIFT_OPTIMIZATION_LEVEL = "-Onone";
			};
			name = Debug;
		};
		25CD2298211031F9000E0F6E /* Release */ = {
			isa = XCBuildConfiguration;
			buildSettings = {
				ALWAYS_SEARCH_USER_PATHS = NO;
				CLANG_ANALYZER_NONNULL = YES;
				CLANG_ANALYZER_NUMBER_OBJECT_CONVERSION = YES_AGGRESSIVE;
				CLANG_CXX_LANGUAGE_STANDARD = "gnu++14";
				CLANG_CXX_LIBRARY = "libc++";
				CLANG_ENABLE_MODULES = YES;
				CLANG_ENABLE_OBJC_ARC = YES;
				CLANG_ENABLE_OBJC_WEAK = YES;
				CLANG_WARN_BLOCK_CAPTURE_AUTORELEASING = YES;
				CLANG_WARN_BOOL_CONVERSION = YES;
				CLANG_WARN_COMMA = YES;
				CLANG_WARN_CONSTANT_CONVERSION = YES;
				CLANG_WARN_DEPRECATED_OBJC_IMPLEMENTATIONS = YES;
				CLANG_WARN_DIRECT_OBJC_ISA_USAGE = YES_ERROR;
				CLANG_WARN_DOCUMENTATION_COMMENTS = YES;
				CLANG_WARN_EMPTY_BODY = YES;
				CLANG_WARN_ENUM_CONVERSION = YES;
				CLANG_WARN_INFINITE_RECURSION = YES;
				CLANG_WARN_INT_CONVERSION = YES;
				CLANG_WARN_NON_LITERAL_NULL_CONVERSION = YES;
				CLANG_WARN_OBJC_IMPLICIT_RETAIN_SELF = YES;
				CLANG_WARN_OBJC_LITERAL_CONVERSION = YES;
				CLANG_WARN_OBJC_ROOT_CLASS = YES_ERROR;
				CLANG_WARN_RANGE_LOOP_ANALYSIS = YES;
				CLANG_WARN_STRICT_PROTOTYPES = YES;
				CLANG_WARN_SUSPICIOUS_MOVE = YES;
				CLANG_WARN_UNGUARDED_AVAILABILITY = YES_AGGRESSIVE;
				CLANG_WARN_UNREACHABLE_CODE = YES;
				CLANG_WARN__DUPLICATE_METHOD_MATCH = YES;
				CODE_SIGN_IDENTITY = "iPhone Developer";
				COPY_PHASE_STRIP = NO;
				DEBUG_INFORMATION_FORMAT = "dwarf-with-dsym";
				ENABLE_NS_ASSERTIONS = NO;
				ENABLE_STRICT_OBJC_MSGSEND = YES;
				GCC_C_LANGUAGE_STANDARD = gnu11;
				GCC_NO_COMMON_BLOCKS = YES;
				GCC_WARN_64_TO_32_BIT_CONVERSION = YES;
				GCC_WARN_ABOUT_RETURN_TYPE = YES_ERROR;
				GCC_WARN_UNDECLARED_SELECTOR = YES;
				GCC_WARN_UNINITIALIZED_AUTOS = YES_AGGRESSIVE;
				GCC_WARN_UNUSED_FUNCTION = YES;
				GCC_WARN_UNUSED_VARIABLE = YES;
				IPHONEOS_DEPLOYMENT_TARGET = 11.4;
				MTL_ENABLE_DEBUG_INFO = NO;
				SDKROOT = iphoneos;
				SWIFT_COMPILATION_MODE = wholemodule;
				SWIFT_OPTIMIZATION_LEVEL = "-O";
				VALIDATE_PRODUCT = YES;
			};
			name = Release;
		};
		25CD229A211031F9000E0F6E /* Debug */ = {
			isa = XCBuildConfiguration;
			baseConfigurationReference = DD660A4C1DE09D0A2A6DFD96 /* Pods-KeoBuaBao.debug.xcconfig */;
			buildSettings = {
				ASSETCATALOG_COMPILER_APPICON_NAME = AppIcon;
				CODE_SIGN_STYLE = Automatic;
				INFOPLIST_FILE = KeoBuaBao/Info.plist;
				LD_RUNPATH_SEARCH_PATHS = (
					"$(inherited)",
					"@executable_path/Frameworks",
				);
				PRODUCT_BUNDLE_IDENTIFIER = com.Hung.KeoBuaBao;
				PRODUCT_NAME = "$(TARGET_NAME)";
				SWIFT_VERSION = 4.0;
				TARGETED_DEVICE_FAMILY = "1,2";
			};
			name = Debug;
		};
		25CD229B211031F9000E0F6E /* Release */ = {
			isa = XCBuildConfiguration;
			baseConfigurationReference = 07B7D538561C49533A89EECE /* Pods-KeoBuaBao.release.xcconfig */;
			buildSettings = {
				ASSETCATALOG_COMPILER_APPICON_NAME = AppIcon;
				CODE_SIGN_STYLE = Automatic;
				INFOPLIST_FILE = KeoBuaBao/Info.plist;
				LD_RUNPATH_SEARCH_PATHS = (
					"$(inherited)",
					"@executable_path/Frameworks",
				);
				PRODUCT_BUNDLE_IDENTIFIER = com.Hung.KeoBuaBao;
				PRODUCT_NAME = "$(TARGET_NAME)";
				SWIFT_VERSION = 4.0;
				TARGETED_DEVICE_FAMILY = "1,2";
			};
			name = Release;
		};
		25CD229D211031F9000E0F6E /* Debug */ = {
			isa = XCBuildConfiguration;
			buildSettings = {
				ALWAYS_EMBED_SWIFT_STANDARD_LIBRARIES = YES;
				BUNDLE_LOADER = "$(TEST_HOST)";
				CODE_SIGN_STYLE = Automatic;
				INFOPLIST_FILE = KeoBuaBaoTests/Info.plist;
				LD_RUNPATH_SEARCH_PATHS = (
					"$(inherited)",
					"@executable_path/Frameworks",
					"@loader_path/Frameworks",
				);
				PRODUCT_BUNDLE_IDENTIFIER = com.Hung.KeoBuaBaoTests;
				PRODUCT_NAME = "$(TARGET_NAME)";
				SWIFT_VERSION = 4.0;
				TARGETED_DEVICE_FAMILY = "1,2";
				TEST_HOST = "$(BUILT_PRODUCTS_DIR)/KeoBuaBao.app/KeoBuaBao";
			};
			name = Debug;
		};
		25CD229E211031F9000E0F6E /* Release */ = {
			isa = XCBuildConfiguration;
			buildSettings = {
				ALWAYS_EMBED_SWIFT_STANDARD_LIBRARIES = YES;
				BUNDLE_LOADER = "$(TEST_HOST)";
				CODE_SIGN_STYLE = Automatic;
				INFOPLIST_FILE = KeoBuaBaoTests/Info.plist;
				LD_RUNPATH_SEARCH_PATHS = (
					"$(inherited)",
					"@executable_path/Frameworks",
					"@loader_path/Frameworks",
				);
				PRODUCT_BUNDLE_IDENTIFIER = com.Hung.KeoBuaBaoTests;
				PRODUCT_NAME = "$(TARGET_NAME)";
				SWIFT_VERSION = 4.0;
				TARGETED_DEVICE_FAMILY = "1,2";
				TEST_HOST = "$(BUILT_PRODUCTS_DIR)/KeoBuaBao.app/KeoBuaBao";
			};
			name = Release;
		};
/* End XCBuildConfiguration section */

/* Begin XCConfigurationList section */
		25CD2277211031F8000E0F6E /* Build configuration list for PBXProject "KeoBuaBao" */ = {
			isa = XCConfigurationList;
			buildConfigurations = (
				25CD2297211031F9000E0F6E /* Debug */,
				25CD2298211031F9000E0F6E /* Release */,
			);
			defaultConfigurationIsVisible = 0;
			defaultConfigurationName = Release;
		};
		25CD2299211031F9000E0F6E /* Build configuration list for PBXNativeTarget "KeoBuaBao" */ = {
			isa = XCConfigurationList;
			buildConfigurations = (
				25CD229A211031F9000E0F6E /* Debug */,
				25CD229B211031F9000E0F6E /* Release */,
			);
			defaultConfigurationIsVisible = 0;
			defaultConfigurationName = Release;
		};
		25CD229C211031F9000E0F6E /* Build configuration list for PBXNativeTarget "KeoBuaBaoTests" */ = {
			isa = XCConfigurationList;
			buildConfigurations = (
				25CD229D211031F9000E0F6E /* Debug */,
				25CD229E211031F9000E0F6E /* Release */,
			);
			defaultConfigurationIsVisible = 0;
			defaultConfigurationName = Release;
		};
/* End XCConfigurationList section */
	};
	rootObject = 25CD2274211031F8000E0F6E /* Project object */;
}
